// !$*UTF8*$!
{
	archiveVersion = 1;
	classes = {
	};
	objectVersion = 56;
	objects = {

/* Begin PBXBuildFile section */
		B2BA20CF2BF22649009C08D1 /* PopularMovieApp.swift in Sources */ = {isa = PBXBuildFile; fileRef = B2BA20CE2BF22649009C08D1 /* PopularMovieApp.swift */; };
		B2BA20D12BF22649009C08D1 /* ContentView.swift in Sources */ = {isa = PBXBuildFile; fileRef = B2BA20D02BF22649009C08D1 /* ContentView.swift */; };
		B2BA20D32BF2264C009C08D1 /* Assets.xcassets in Resources */ = {isa = PBXBuildFile; fileRef = B2BA20D22BF2264C009C08D1 /* Assets.xcassets */; };
		B2BA20D62BF2264C009C08D1 /* Preview Assets.xcassets in Resources */ = {isa = PBXBuildFile; fileRef = B2BA20D52BF2264C009C08D1 /* Preview Assets.xcassets */; };
		B2BA20E02BF2264C009C08D1 /* PopularMovieTests.swift in Sources */ = {isa = PBXBuildFile; fileRef = B2BA20DF2BF2264C009C08D1 /* PopularMovieTests.swift */; };
		B2BA20EA2BF2264C009C08D1 /* PopularMovieUITests.swift in Sources */ = {isa = PBXBuildFile; fileRef = B2BA20E92BF2264C009C08D1 /* PopularMovieUITests.swift */; };
		B2BA20EC2BF2264C009C08D1 /* PopularMovieUITestsLaunchTests.swift in Sources */ = {isa = PBXBuildFile; fileRef = B2BA20EB2BF2264C009C08D1 /* PopularMovieUITestsLaunchTests.swift */; };
		B2BA20FA2BF22812009C08D1 /* LatestMovie.swift in Sources */ = {isa = PBXBuildFile; fileRef = B2BA20F92BF22812009C08D1 /* LatestMovie.swift */; };
		B2BA20FC2BF228AC009C08D1 /* MovieList.swift in Sources */ = {isa = PBXBuildFile; fileRef = B2BA20FB2BF228AC009C08D1 /* MovieList.swift */; };
		B2BA20FE2BF2298C009C08D1 /* MovieDetail.swift in Sources */ = {isa = PBXBuildFile; fileRef = B2BA20FD2BF2298C009C08D1 /* MovieDetail.swift */; };
		B2BA21012BF276A6009C08D1 /* MovieListVM.swift in Sources */ = {isa = PBXBuildFile; fileRef = B2BA21002BF276A6009C08D1 /* MovieListVM.swift */; };
		B2BA210A2BF31C27009C08D1 /* MoviewList.swift in Sources */ = {isa = PBXBuildFile; fileRef = B2BA21092BF31C27009C08D1 /* MoviewList.swift */; };
		B2BA21162BF331F8009C08D1 /* RevDevNetworkSDK in Frameworks */ = {isa = PBXBuildFile; productRef = B2BA21152BF331F8009C08D1 /* RevDevNetworkSDK */; };
		B2BA21192BF33FFD009C08D1 /* RevDevNetworkSDK in Frameworks */ = {isa = PBXBuildFile; productRef = B2BA21182BF33FFD009C08D1 /* RevDevNetworkSDK */; };
		B2BA211B2BF34A04009C08D1 /* MovieRowView.swift in Sources */ = {isa = PBXBuildFile; fileRef = B2BA211A2BF34A04009C08D1 /* MovieRowView.swift */; };
		B2BA211D2BF34A2E009C08D1 /* CircularProgreeBar.swift in Sources */ = {isa = PBXBuildFile; fileRef = B2BA211C2BF34A2E009C08D1 /* CircularProgreeBar.swift */; };
		B2BA211F2BF34A7B009C08D1 /* Color+Extension.swift in Sources */ = {isa = PBXBuildFile; fileRef = B2BA211E2BF34A7B009C08D1 /* Color+Extension.swift */; };
		B2BA21212BF34AD6009C08D1 /* MovieDetailView.swift in Sources */ = {isa = PBXBuildFile; fileRef = B2BA21202BF34AD6009C08D1 /* MovieDetailView.swift */; };
/* End PBXBuildFile section */

/* Begin PBXContainerItemProxy section */
		B2BA20DC2BF2264C009C08D1 /* PBXContainerItemProxy */ = {
			isa = PBXContainerItemProxy;
			containerPortal = B2BA20C32BF22649009C08D1 /* Project object */;
			proxyType = 1;
			remoteGlobalIDString = B2BA20CA2BF22649009C08D1;
			remoteInfo = PopularMovie;
		};
		B2BA20E62BF2264C009C08D1 /* PBXContainerItemProxy */ = {
			isa = PBXContainerItemProxy;
			containerPortal = B2BA20C32BF22649009C08D1 /* Project object */;
			proxyType = 1;
			remoteGlobalIDString = B2BA20CA2BF22649009C08D1;
			remoteInfo = PopularMovie;
		};
/* End PBXContainerItemProxy section */

/* Begin PBXFileReference section */
		B2BA20CB2BF22649009C08D1 /* PopularMovie.app */ = {isa = PBXFileReference; explicitFileType = wrapper.application; includeInIndex = 0; path = PopularMovie.app; sourceTree = BUILT_PRODUCTS_DIR; };
		B2BA20CE2BF22649009C08D1 /* PopularMovieApp.swift */ = {isa = PBXFileReference; lastKnownFileType = sourcecode.swift; path = PopularMovieApp.swift; sourceTree = "<group>"; };
		B2BA20D02BF22649009C08D1 /* ContentView.swift */ = {isa = PBXFileReference; lastKnownFileType = sourcecode.swift; path = ContentView.swift; sourceTree = "<group>"; };
		B2BA20D22BF2264C009C08D1 /* Assets.xcassets */ = {isa = PBXFileReference; lastKnownFileType = folder.assetcatalog; path = Assets.xcassets; sourceTree = "<group>"; };
		B2BA20D52BF2264C009C08D1 /* Preview Assets.xcassets */ = {isa = PBXFileReference; lastKnownFileType = folder.assetcatalog; path = "Preview Assets.xcassets"; sourceTree = "<group>"; };
		B2BA20DB2BF2264C009C08D1 /* PopularMovieTests.xctest */ = {isa = PBXFileReference; explicitFileType = wrapper.cfbundle; includeInIndex = 0; path = PopularMovieTests.xctest; sourceTree = BUILT_PRODUCTS_DIR; };
		B2BA20DF2BF2264C009C08D1 /* PopularMovieTests.swift */ = {isa = PBXFileReference; lastKnownFileType = sourcecode.swift; path = PopularMovieTests.swift; sourceTree = "<group>"; };
		B2BA20E52BF2264C009C08D1 /* PopularMovieUITests.xctest */ = {isa = PBXFileReference; explicitFileType = wrapper.cfbundle; includeInIndex = 0; path = PopularMovieUITests.xctest; sourceTree = BUILT_PRODUCTS_DIR; };
		B2BA20E92BF2264C009C08D1 /* PopularMovieUITests.swift */ = {isa = PBXFileReference; lastKnownFileType = sourcecode.swift; path = PopularMovieUITests.swift; sourceTree = "<group>"; };
		B2BA20EB2BF2264C009C08D1 /* PopularMovieUITestsLaunchTests.swift */ = {isa = PBXFileReference; lastKnownFileType = sourcecode.swift; path = PopularMovieUITestsLaunchTests.swift; sourceTree = "<group>"; };
		B2BA20F92BF22812009C08D1 /* LatestMovie.swift */ = {isa = PBXFileReference; lastKnownFileType = sourcecode.swift; path = LatestMovie.swift; sourceTree = "<group>"; };
		B2BA20FB2BF228AC009C08D1 /* MovieList.swift */ = {isa = PBXFileReference; lastKnownFileType = sourcecode.swift; path = MovieList.swift; sourceTree = "<group>"; };
		B2BA20FD2BF2298C009C08D1 /* MovieDetail.swift */ = {isa = PBXFileReference; lastKnownFileType = sourcecode.swift; path = MovieDetail.swift; sourceTree = "<group>"; };
		B2BA21002BF276A6009C08D1 /* MovieListVM.swift */ = {isa = PBXFileReference; lastKnownFileType = sourcecode.swift; path = MovieListVM.swift; sourceTree = "<group>"; };
		B2BA21092BF31C27009C08D1 /* MoviewList.swift */ = {isa = PBXFileReference; lastKnownFileType = sourcecode.swift; path = MoviewList.swift; sourceTree = "<group>"; };
		B2BA210F2BF32E30009C08D1 /* RevDevNetworkSDK.xcframework */ = {isa = PBXFileReference; lastKnownFileType = wrapper.xcframework; name = RevDevNetworkSDK.xcframework; path = ../DevRev/Sources/RevDevNetworkSDK.xcframework; sourceTree = "<group>"; };
		B2BA211A2BF34A04009C08D1 /* MovieRowView.swift */ = {isa = PBXFileReference; lastKnownFileType = sourcecode.swift; path = MovieRowView.swift; sourceTree = "<group>"; };
		B2BA211C2BF34A2E009C08D1 /* CircularProgreeBar.swift */ = {isa = PBXFileReference; lastKnownFileType = sourcecode.swift; path = CircularProgreeBar.swift; sourceTree = "<group>"; };
		B2BA211E2BF34A7B009C08D1 /* Color+Extension.swift */ = {isa = PBXFileReference; lastKnownFileType = sourcecode.swift; path = "Color+Extension.swift"; sourceTree = "<group>"; };
		B2BA21202BF34AD6009C08D1 /* MovieDetailView.swift */ = {isa = PBXFileReference; lastKnownFileType = sourcecode.swift; path = MovieDetailView.swift; sourceTree = "<group>"; };
/* End PBXFileReference section */

/* Begin PBXFrameworksBuildPhase section */
		B2BA20C82BF22649009C08D1 /* Frameworks */ = {
			isa = PBXFrameworksBuildPhase;
			buildActionMask = 2147483647;
			files = (
				B2BA21192BF33FFD009C08D1 /* RevDevNetworkSDK in Frameworks */,
				B2BA21162BF331F8009C08D1 /* RevDevNetworkSDK in Frameworks */,
			);
			runOnlyForDeploymentPostprocessing = 0;
		};
		B2BA20D82BF2264C009C08D1 /* Frameworks */ = {
			isa = PBXFrameworksBuildPhase;
			buildActionMask = 2147483647;
			files = (
			);
			runOnlyForDeploymentPostprocessing = 0;
		};
		B2BA20E22BF2264C009C08D1 /* Frameworks */ = {
			isa = PBXFrameworksBuildPhase;
			buildActionMask = 2147483647;
			files = (
			);
			runOnlyForDeploymentPostprocessing = 0;
		};
/* End PBXFrameworksBuildPhase section */

/* Begin PBXGroup section */
		B2BA20C22BF22649009C08D1 = {
			isa = PBXGroup;
			children = (
				B2BA20CD2BF22649009C08D1 /* PopularMovie */,
				B2BA20DE2BF2264C009C08D1 /* PopularMovieTests */,
				B2BA20E82BF2264C009C08D1 /* PopularMovieUITests */,
				B2BA20CC2BF22649009C08D1 /* Products */,
				B2BA210E2BF32E30009C08D1 /* Frameworks */,
			);
			sourceTree = "<group>";
		};
		B2BA20CC2BF22649009C08D1 /* Products */ = {
			isa = PBXGroup;
			children = (
				B2BA20CB2BF22649009C08D1 /* PopularMovie.app */,
				B2BA20DB2BF2264C009C08D1 /* PopularMovieTests.xctest */,
				B2BA20E52BF2264C009C08D1 /* PopularMovieUITests.xctest */,
			);
			name = Products;
			sourceTree = "<group>";
		};
		B2BA20CD2BF22649009C08D1 /* PopularMovie */ = {
			isa = PBXGroup;
			children = (
				B2BA21082BF31C1B009C08D1 /* View */,
				B2BA20FF2BF27692009C08D1 /* ViewModel */,
				B2BA20F82BF22800009C08D1 /* Model */,
				B2BA20CE2BF22649009C08D1 /* PopularMovieApp.swift */,
				B2BA20D02BF22649009C08D1 /* ContentView.swift */,
				B2BA20D22BF2264C009C08D1 /* Assets.xcassets */,
				B2BA20D42BF2264C009C08D1 /* Preview Content */,
			);
			path = PopularMovie;
			sourceTree = "<group>";
		};
		B2BA20D42BF2264C009C08D1 /* Preview Content */ = {
			isa = PBXGroup;
			children = (
				B2BA20D52BF2264C009C08D1 /* Preview Assets.xcassets */,
			);
			path = "Preview Content";
			sourceTree = "<group>";
		};
		B2BA20DE2BF2264C009C08D1 /* PopularMovieTests */ = {
			isa = PBXGroup;
			children = (
				B2BA20DF2BF2264C009C08D1 /* PopularMovieTests.swift */,
			);
			path = PopularMovieTests;
			sourceTree = "<group>";
		};
		B2BA20E82BF2264C009C08D1 /* PopularMovieUITests */ = {
			isa = PBXGroup;
			children = (
				B2BA20E92BF2264C009C08D1 /* PopularMovieUITests.swift */,
				B2BA20EB2BF2264C009C08D1 /* PopularMovieUITestsLaunchTests.swift */,
			);
			path = PopularMovieUITests;
			sourceTree = "<group>";
		};
		B2BA20F82BF22800009C08D1 /* Model */ = {
			isa = PBXGroup;
			children = (
				B2BA20F92BF22812009C08D1 /* LatestMovie.swift */,
				B2BA20FB2BF228AC009C08D1 /* MovieList.swift */,
				B2BA20FD2BF2298C009C08D1 /* MovieDetail.swift */,
				B2BA211E2BF34A7B009C08D1 /* Color+Extension.swift */,
			);
			path = Model;
			sourceTree = "<group>";
		};
		B2BA20FF2BF27692009C08D1 /* ViewModel */ = {
			isa = PBXGroup;
			children = (
				B2BA21002BF276A6009C08D1 /* MovieListVM.swift */,
			);
			path = ViewModel;
			sourceTree = "<group>";
		};
		B2BA21082BF31C1B009C08D1 /* View */ = {
			isa = PBXGroup;
			children = (
				B2BA21092BF31C27009C08D1 /* MoviewList.swift */,
				B2BA211A2BF34A04009C08D1 /* MovieRowView.swift */,
				B2BA211C2BF34A2E009C08D1 /* CircularProgreeBar.swift */,
				B2BA21202BF34AD6009C08D1 /* MovieDetailView.swift */,
			);
			path = View;
			sourceTree = "<group>";
		};
		B2BA210E2BF32E30009C08D1 /* Frameworks */ = {
			isa = PBXGroup;
			children = (
				B2BA210F2BF32E30009C08D1 /* RevDevNetworkSDK.xcframework */,
			);
			name = Frameworks;
			sourceTree = "<group>";
		};
/* End PBXGroup section */

/* Begin PBXNativeTarget section */
		B2BA20CA2BF22649009C08D1 /* PopularMovie */ = {
			isa = PBXNativeTarget;
			buildConfigurationList = B2BA20EF2BF2264C009C08D1 /* Build configuration list for PBXNativeTarget "PopularMovie" */;
			buildPhases = (
				B2BA20C72BF22649009C08D1 /* Sources */,
				B2BA20C82BF22649009C08D1 /* Frameworks */,
				B2BA20C92BF22649009C08D1 /* Resources */,
			);
			buildRules = (
			);
			dependencies = (
			);
			name = PopularMovie;
			packageProductDependencies = (
				B2BA21152BF331F8009C08D1 /* RevDevNetworkSDK */,
				B2BA21182BF33FFD009C08D1 /* RevDevNetworkSDK */,
			);
			productName = PopularMovie;
			productReference = B2BA20CB2BF22649009C08D1 /* PopularMovie.app */;
			productType = "com.apple.product-type.application";
		};
		B2BA20DA2BF2264C009C08D1 /* PopularMovieTests */ = {
			isa = PBXNativeTarget;
			buildConfigurationList = B2BA20F22BF2264C009C08D1 /* Build configuration list for PBXNativeTarget "PopularMovieTests" */;
			buildPhases = (
				B2BA20D72BF2264C009C08D1 /* Sources */,
				B2BA20D82BF2264C009C08D1 /* Frameworks */,
				B2BA20D92BF2264C009C08D1 /* Resources */,
			);
			buildRules = (
			);
			dependencies = (
				B2BA20DD2BF2264C009C08D1 /* PBXTargetDependency */,
			);
			name = PopularMovieTests;
			productName = PopularMovieTests;
			productReference = B2BA20DB2BF2264C009C08D1 /* PopularMovieTests.xctest */;
			productType = "com.apple.product-type.bundle.unit-test";
		};
		B2BA20E42BF2264C009C08D1 /* PopularMovieUITests */ = {
			isa = PBXNativeTarget;
			buildConfigurationList = B2BA20F52BF2264C009C08D1 /* Build configuration list for PBXNativeTarget "PopularMovieUITests" */;
			buildPhases = (
				B2BA20E12BF2264C009C08D1 /* Sources */,
				B2BA20E22BF2264C009C08D1 /* Frameworks */,
				B2BA20E32BF2264C009C08D1 /* Resources */,
			);
			buildRules = (
			);
			dependencies = (
				B2BA20E72BF2264C009C08D1 /* PBXTargetDependency */,
			);
			name = PopularMovieUITests;
			productName = PopularMovieUITests;
			productReference = B2BA20E52BF2264C009C08D1 /* PopularMovieUITests.xctest */;
			productType = "com.apple.product-type.bundle.ui-testing";
		};
/* End PBXNativeTarget section */

/* Begin PBXProject section */
		B2BA20C32BF22649009C08D1 /* Project object */ = {
			isa = PBXProject;
			attributes = {
				BuildIndependentTargetsInParallel = 1;
				LastSwiftUpdateCheck = 1530;
				LastUpgradeCheck = 1530;
				TargetAttributes = {
					B2BA20CA2BF22649009C08D1 = {
						CreatedOnToolsVersion = 15.3;
					};
					B2BA20DA2BF2264C009C08D1 = {
						CreatedOnToolsVersion = 15.3;
						TestTargetID = B2BA20CA2BF22649009C08D1;
					};
					B2BA20E42BF2264C009C08D1 = {
						CreatedOnToolsVersion = 15.3;
						TestTargetID = B2BA20CA2BF22649009C08D1;
					};
				};
			};
			buildConfigurationList = B2BA20C62BF22649009C08D1 /* Build configuration list for PBXProject "PopularMovie" */;
			compatibilityVersion = "Xcode 14.0";
			developmentRegion = en;
			hasScannedForEncodings = 0;
			knownRegions = (
				en,
				Base,
			);
			mainGroup = B2BA20C22BF22649009C08D1;
			packageReferences = (
				B2BA21172BF33FFD009C08D1 /* XCRemoteSwiftPackageReference "DevRevSDK" */,
			);
			productRefGroup = B2BA20CC2BF22649009C08D1 /* Products */;
			projectDirPath = "";
			projectRoot = "";
			targets = (
				B2BA20CA2BF22649009C08D1 /* PopularMovie */,
				B2BA20DA2BF2264C009C08D1 /* PopularMovieTests */,
				B2BA20E42BF2264C009C08D1 /* PopularMovieUITests */,
			);
		};
/* End PBXProject section */

/* Begin PBXResourcesBuildPhase section */
		B2BA20C92BF22649009C08D1 /* Resources */ = {
			isa = PBXResourcesBuildPhase;
			buildActionMask = 2147483647;
			files = (
				B2BA20D62BF2264C009C08D1 /* Preview Assets.xcassets in Resources */,
				B2BA20D32BF2264C009C08D1 /* Assets.xcassets in Resources */,
			);
			runOnlyForDeploymentPostprocessing = 0;
		};
		B2BA20D92BF2264C009C08D1 /* Resources */ = {
			isa = PBXResourcesBuildPhase;
			buildActionMask = 2147483647;
			files = (
			);
			runOnlyForDeploymentPostprocessing = 0;
		};
		B2BA20E32BF2264C009C08D1 /* Resources */ = {
			isa = PBXResourcesBuildPhase;
			buildActionMask = 2147483647;
			files = (
			);
			runOnlyForDeploymentPostprocessing = 0;
		};
/* End PBXResourcesBuildPhase section */

/* Begin PBXSourcesBuildPhase section */
		B2BA20C72BF22649009C08D1 /* Sources */ = {
			isa = PBXSourcesBuildPhase;
			buildActionMask = 2147483647;
			files = (
				B2BA211B2BF34A04009C08D1 /* MovieRowView.swift in Sources */,
				B2BA211F2BF34A7B009C08D1 /* Color+Extension.swift in Sources */,
				B2BA20FA2BF22812009C08D1 /* LatestMovie.swift in Sources */,
				B2BA20D12BF22649009C08D1 /* ContentView.swift in Sources */,
				B2BA20FE2BF2298C009C08D1 /* MovieDetail.swift in Sources */,
				B2BA20FC2BF228AC009C08D1 /* MovieList.swift in Sources */,
				B2BA20CF2BF22649009C08D1 /* PopularMovieApp.swift in Sources */,
				B2BA210A2BF31C27009C08D1 /* MoviewList.swift in Sources */,
				B2BA21012BF276A6009C08D1 /* MovieListVM.swift in Sources */,
				B2BA211D2BF34A2E009C08D1 /* CircularProgreeBar.swift in Sources */,
				B2BA21212BF34AD6009C08D1 /* MovieDetailView.swift in Sources */,
			);
			runOnlyForDeploymentPostprocessing = 0;
		};
		B2BA20D72BF2264C009C08D1 /* Sources */ = {
			isa = PBXSourcesBuildPhase;
			buildActionMask = 2147483647;
			files = (
				B2BA20E02BF2264C009C08D1 /* PopularMovieTests.swift in Sources */,
			);
			runOnlyForDeploymentPostprocessing = 0;
		};
		B2BA20E12BF2264C009C08D1 /* Sources */ = {
			isa = PBXSourcesBuildPhase;
			buildActionMask = 2147483647;
			files = (
				B2BA20EA2BF2264C009C08D1 /* PopularMovieUITests.swift in Sources */,
				B2BA20EC2BF2264C009C08D1 /* PopularMovieUITestsLaunchTests.swift in Sources */,
			);
			runOnlyForDeploymentPostprocessing = 0;
		};
/* End PBXSourcesBuildPhase section */

/* Begin PBXTargetDependency section */
		B2BA20DD2BF2264C009C08D1 /* PBXTargetDependency */ = {
			isa = PBXTargetDependency;
			target = B2BA20CA2BF22649009C08D1 /* PopularMovie */;
			targetProxy = B2BA20DC2BF2264C009C08D1 /* PBXContainerItemProxy */;
		};
		B2BA20E72BF2264C009C08D1 /* PBXTargetDependency */ = {
			isa = PBXTargetDependency;
			target = B2BA20CA2BF22649009C08D1 /* PopularMovie */;
			targetProxy = B2BA20E62BF2264C009C08D1 /* PBXContainerItemProxy */;
		};
/* End PBXTargetDependency section */

/* Begin XCBuildConfiguration section */
		B2BA20ED2BF2264C009C08D1 /* Debug */ = {
			isa = XCBuildConfiguration;
			buildSettings = {
				ALWAYS_SEARCH_USER_PATHS = NO;
				ASSETCATALOG_COMPILER_GENERATE_SWIFT_ASSET_SYMBOL_EXTENSIONS = YES;
				CLANG_ANALYZER_NONNULL = YES;
				CLANG_ANALYZER_NUMBER_OBJECT_CONVERSION = YES_AGGRESSIVE;
				CLANG_CXX_LANGUAGE_STANDARD = "gnu++20";
				CLANG_ENABLE_MODULES = YES;
				CLANG_ENABLE_OBJC_ARC = YES;
				CLANG_ENABLE_OBJC_WEAK = YES;
				CLANG_WARN_BLOCK_CAPTURE_AUTORELEASING = YES;
				CLANG_WARN_BOOL_CONVERSION = YES;
				CLANG_WARN_COMMA = YES;
				CLANG_WARN_CONSTANT_CONVERSION = YES;
				CLANG_WARN_DEPRECATED_OBJC_IMPLEMENTATIONS = YES;
				CLANG_WARN_DIRECT_OBJC_ISA_USAGE = YES_ERROR;
				CLANG_WARN_DOCUMENTATION_COMMENTS = YES;
				CLANG_WARN_EMPTY_BODY = YES;
				CLANG_WARN_ENUM_CONVERSION = YES;
				CLANG_WARN_INFINITE_RECURSION = YES;
				CLANG_WARN_INT_CONVERSION = YES;
				CLANG_WARN_NON_LITERAL_NULL_CONVERSION = YES;
				CLANG_WARN_OBJC_IMPLICIT_RETAIN_SELF = YES;
				CLANG_WARN_OBJC_LITERAL_CONVERSION = YES;
				CLANG_WARN_OBJC_ROOT_CLASS = YES_ERROR;
				CLANG_WARN_QUOTED_INCLUDE_IN_FRAMEWORK_HEADER = YES;
				CLANG_WARN_RANGE_LOOP_ANALYSIS = YES;
				CLANG_WARN_STRICT_PROTOTYPES = YES;
				CLANG_WARN_SUSPICIOUS_MOVE = YES;
				CLANG_WARN_UNGUARDED_AVAILABILITY = YES_AGGRESSIVE;
				CLANG_WARN_UNREACHABLE_CODE = YES;
				CLANG_WARN__DUPLICATE_METHOD_MATCH = YES;
				COPY_PHASE_STRIP = NO;
				DEBUG_INFORMATION_FORMAT = dwarf;
				ENABLE_STRICT_OBJC_MSGSEND = YES;
				ENABLE_TESTABILITY = YES;
				ENABLE_USER_SCRIPT_SANDBOXING = YES;
				GCC_C_LANGUAGE_STANDARD = gnu17;
				GCC_DYNAMIC_NO_PIC = NO;
				GCC_NO_COMMON_BLOCKS = YES;
				GCC_OPTIMIZATION_LEVEL = 0;
				GCC_PREPROCESSOR_DEFINITIONS = (
					"DEBUG=1",
					"$(inherited)",
				);
				GCC_WARN_64_TO_32_BIT_CONVERSION = YES;
				GCC_WARN_ABOUT_RETURN_TYPE = YES_ERROR;
				GCC_WARN_UNDECLARED_SELECTOR = YES;
				GCC_WARN_UNINITIALIZED_AUTOS = YES_AGGRESSIVE;
				GCC_WARN_UNUSED_FUNCTION = YES;
				GCC_WARN_UNUSED_VARIABLE = YES;
				IPHONEOS_DEPLOYMENT_TARGET = 17.4;
				LOCALIZATION_PREFERS_STRING_CATALOGS = YES;
				MTL_ENABLE_DEBUG_INFO = INCLUDE_SOURCE;
				MTL_FAST_MATH = YES;
				ONLY_ACTIVE_ARCH = YES;
				SDKROOT = iphoneos;
				SWIFT_ACTIVE_COMPILATION_CONDITIONS = "DEBUG $(inherited)";
				SWIFT_OPTIMIZATION_LEVEL = "-Onone";
			};
			name = Debug;
		};
		B2BA20EE2BF2264C009C08D1 /* Release */ = {
			isa = XCBuildConfiguration;
			buildSettings = {
				ALWAYS_SEARCH_USER_PATHS = NO;
				ASSETCATALOG_COMPILER_GENERATE_SWIFT_ASSET_SYMBOL_EXTENSIONS = YES;
				CLANG_ANALYZER_NONNULL = YES;
				CLANG_ANALYZER_NUMBER_OBJECT_CONVERSION = YES_AGGRESSIVE;
				CLANG_CXX_LANGUAGE_STANDARD = "gnu++20";
				CLANG_ENABLE_MODULES = YES;
				CLANG_ENABLE_OBJC_ARC = YES;
				CLANG_ENABLE_OBJC_WEAK = YES;
				CLANG_WARN_BLOCK_CAPTURE_AUTORELEASING = YES;
				CLANG_WARN_BOOL_CONVERSION = YES;
				CLANG_WARN_COMMA = YES;
				CLANG_WARN_CONSTANT_CONVERSION = YES;
				CLANG_WARN_DEPRECATED_OBJC_IMPLEMENTATIONS = YES;
				CLANG_WARN_DIRECT_OBJC_ISA_USAGE = YES_ERROR;
				CLANG_WARN_DOCUMENTATION_COMMENTS = YES;
				CLANG_WARN_EMPTY_BODY = YES;
				CLANG_WARN_ENUM_CONVERSION = YES;
				CLANG_WARN_INFINITE_RECURSION = YES;
				CLANG_WARN_INT_CONVERSION = YES;
				CLANG_WARN_NON_LITERAL_NULL_CONVERSION = YES;
				CLANG_WARN_OBJC_IMPLICIT_RETAIN_SELF = YES;
				CLANG_WARN_OBJC_LITERAL_CONVERSION = YES;
				CLANG_WARN_OBJC_ROOT_CLASS = YES_ERROR;
				CLANG_WARN_QUOTED_INCLUDE_IN_FRAMEWORK_HEADER = YES;
				CLANG_WARN_RANGE_LOOP_ANALYSIS = YES;
				CLANG_WARN_STRICT_PROTOTYPES = YES;
				CLANG_WARN_SUSPICIOUS_MOVE = YES;
				CLANG_WARN_UNGUARDED_AVAILABILITY = YES_AGGRESSIVE;
				CLANG_WARN_UNREACHABLE_CODE = YES;
				CLANG_WARN__DUPLICATE_METHOD_MATCH = YES;
				COPY_PHASE_STRIP = NO;
				DEBUG_INFORMATION_FORMAT = "dwarf-with-dsym";
				ENABLE_NS_ASSERTIONS = NO;
				ENABLE_STRICT_OBJC_MSGSEND = YES;
				ENABLE_USER_SCRIPT_SANDBOXING = YES;
				GCC_C_LANGUAGE_STANDARD = gnu17;
				GCC_NO_COMMON_BLOCKS = YES;
				GCC_WARN_64_TO_32_BIT_CONVERSION = YES;
				GCC_WARN_ABOUT_RETURN_TYPE = YES_ERROR;
				GCC_WARN_UNDECLARED_SELECTOR = YES;
				GCC_WARN_UNINITIALIZED_AUTOS = YES_AGGRESSIVE;
				GCC_WARN_UNUSED_FUNCTION = YES;
				GCC_WARN_UNUSED_VARIABLE = YES;
				IPHONEOS_DEPLOYMENT_TARGET = 17.4;
				LOCALIZATION_PREFERS_STRING_CATALOGS = YES;
				MTL_ENABLE_DEBUG_INFO = NO;
				MTL_FAST_MATH = YES;
				SDKROOT = iphoneos;
				SWIFT_COMPILATION_MODE = wholemodule;
				VALIDATE_PRODUCT = YES;
			};
			name = Release;
		};
		B2BA20F02BF2264C009C08D1 /* Debug */ = {
			isa = XCBuildConfiguration;
			buildSettings = {
				ASSETCATALOG_COMPILER_APPICON_NAME = AppIcon;
				ASSETCATALOG_COMPILER_GLOBAL_ACCENT_COLOR_NAME = AccentColor;
				CODE_SIGN_STYLE = Automatic;
				CURRENT_PROJECT_VERSION = 1;
				DEVELOPMENT_ASSET_PATHS = "\"PopularMovie/Preview Content\"";
				DEVELOPMENT_TEAM = ZA37564B4V;
				ENABLE_PREVIEWS = YES;
				GENERATE_INFOPLIST_FILE = YES;
				INFOPLIST_KEY_UIApplicationSceneManifest_Generation = YES;
				INFOPLIST_KEY_UIApplicationSupportsIndirectInputEvents = YES;
				INFOPLIST_KEY_UILaunchScreen_Generation = YES;
				INFOPLIST_KEY_UISupportedInterfaceOrientations_iPad = "UIInterfaceOrientationPortrait UIInterfaceOrientationPortraitUpsideDown UIInterfaceOrientationLandscapeLeft UIInterfaceOrientationLandscapeRight";
				INFOPLIST_KEY_UISupportedInterfaceOrientations_iPhone = "UIInterfaceOrientationPortrait UIInterfaceOrientationLandscapeLeft UIInterfaceOrientationLandscapeRight";
				LD_RUNPATH_SEARCH_PATHS = (
					"$(inherited)",
					"@executable_path/Frameworks",
				);
				MARKETING_VERSION = 1.0;
				PRODUCT_BUNDLE_IDENTIFIER = com.indus.PopularMovie;
				PRODUCT_NAME = "$(TARGET_NAME)";
				SWIFT_EMIT_LOC_STRINGS = YES;
				SWIFT_VERSION = 5.0;
				TARGETED_DEVICE_FAMILY = "1,2";
			};
			name = Debug;
		};
		B2BA20F12BF2264C009C08D1 /* Release */ = {
			isa = XCBuildConfiguration;
			buildSettings = {
				ASSETCATALOG_COMPILER_APPICON_NAME = AppIcon;
				ASSETCATALOG_COMPILER_GLOBAL_ACCENT_COLOR_NAME = AccentColor;
				CODE_SIGN_STYLE = Automatic;
				CURRENT_PROJECT_VERSION = 1;
				DEVELOPMENT_ASSET_PATHS = "\"PopularMovie/Preview Content\"";
				DEVELOPMENT_TEAM = ZA37564B4V;
				ENABLE_PREVIEWS = YES;
				GENERATE_INFOPLIST_FILE = YES;
				INFOPLIST_KEY_UIApplicationSceneManifest_Generation = YES;
				INFOPLIST_KEY_UIApplicationSupportsIndirectInputEvents = YES;
				INFOPLIST_KEY_UILaunchScreen_Generation = YES;
				INFOPLIST_KEY_UISupportedInterfaceOrientations_iPad = "UIInterfaceOrientationPortrait UIInterfaceOrientationPortraitUpsideDown UIInterfaceOrientationLandscapeLeft UIInterfaceOrientationLandscapeRight";
				INFOPLIST_KEY_UISupportedInterfaceOrientations_iPhone = "UIInterfaceOrientationPortrait UIInterfaceOrientationLandscapeLeft UIInterfaceOrientationLandscapeRight";
				LD_RUNPATH_SEARCH_PATHS = (
					"$(inherited)",
					"@executable_path/Frameworks",
				);
				MARKETING_VERSION = 1.0;
				PRODUCT_BUNDLE_IDENTIFIER = com.indus.PopularMovie;
				PRODUCT_NAME = "$(TARGET_NAME)";
				SWIFT_EMIT_LOC_STRINGS = YES;
				SWIFT_VERSION = 5.0;
				TARGETED_DEVICE_FAMILY = "1,2";
			};
			name = Release;
		};
		B2BA20F32BF2264C009C08D1 /* Debug */ = {
			isa = XCBuildConfiguration;
			buildSettings = {
				ALWAYS_EMBED_SWIFT_STANDARD_LIBRARIES = YES;
				BUNDLE_LOADER = "$(TEST_HOST)";
				CODE_SIGN_STYLE = Automatic;
				CURRENT_PROJECT_VERSION = 1;
				DEVELOPMENT_TEAM = ZA37564B4V;
				GENERATE_INFOPLIST_FILE = YES;
				IPHONEOS_DEPLOYMENT_TARGET = 17.4;
				MARKETING_VERSION = 1.0;
				PRODUCT_BUNDLE_IDENTIFIER = com.indus.PopularMovieTests;
				PRODUCT_NAME = "$(TARGET_NAME)";
				SWIFT_EMIT_LOC_STRINGS = NO;
				SWIFT_VERSION = 5.0;
				TARGETED_DEVICE_FAMILY = "1,2";
				TEST_HOST = "$(BUILT_PRODUCTS_DIR)/PopularMovie.app/$(BUNDLE_EXECUTABLE_FOLDER_PATH)/PopularMovie";
			};
			name = Debug;
		};
		B2BA20F42BF2264C009C08D1 /* Release */ = {
			isa = XCBuildConfiguration;
			buildSettings = {
				ALWAYS_EMBED_SWIFT_STANDARD_LIBRARIES = YES;
				BUNDLE_LOADER = "$(TEST_HOST)";
				CODE_SIGN_STYLE = Automatic;
				CURRENT_PROJECT_VERSION = 1;
				DEVELOPMENT_TEAM = ZA37564B4V;
				GENERATE_INFOPLIST_FILE = YES;
				IPHONEOS_DEPLOYMENT_TARGET = 17.4;
				MARKETING_VERSION = 1.0;
				PRODUCT_BUNDLE_IDENTIFIER = com.indus.PopularMovieTests;
				PRODUCT_NAME = "$(TARGET_NAME)";
				SWIFT_EMIT_LOC_STRINGS = NO;
				SWIFT_VERSION = 5.0;
				TARGETED_DEVICE_FAMILY = "1,2";
				TEST_HOST = "$(BUILT_PRODUCTS_DIR)/PopularMovie.app/$(BUNDLE_EXECUTABLE_FOLDER_PATH)/PopularMovie";
			};
			name = Release;
		};
		B2BA20F62BF2264C009C08D1 /* Debug */ = {
			isa = XCBuildConfiguration;
			buildSettings = {
				ALWAYS_EMBED_SWIFT_STANDARD_LIBRARIES = YES;
				CODE_SIGN_STYLE = Automatic;
				CURRENT_PROJECT_VERSION = 1;
				DEVELOPMENT_TEAM = ZA37564B4V;
				GENERATE_INFOPLIST_FILE = YES;
				MARKETING_VERSION = 1.0;
				PRODUCT_BUNDLE_IDENTIFIER = com.indus.PopularMovieUITests;
				PRODUCT_NAME = "$(TARGET_NAME)";
				SWIFT_EMIT_LOC_STRINGS = NO;
				SWIFT_VERSION = 5.0;
				TARGETED_DEVICE_FAMILY = "1,2";
				TEST_TARGET_NAME = PopularMovie;
			};
			name = Debug;
		};
		B2BA20F72BF2264C009C08D1 /* Release */ = {
			isa = XCBuildConfiguration;
			buildSettings = {
				ALWAYS_EMBED_SWIFT_STANDARD_LIBRARIES = YES;
				CODE_SIGN_STYLE = Automatic;
				CURRENT_PROJECT_VERSION = 1;
				DEVELOPMENT_TEAM = ZA37564B4V;
				GENERATE_INFOPLIST_FILE = YES;
				MARKETING_VERSION = 1.0;
				PRODUCT_BUNDLE_IDENTIFIER = com.indus.PopularMovieUITests;
				PRODUCT_NAME = "$(TARGET_NAME)";
				SWIFT_EMIT_LOC_STRINGS = NO;
				SWIFT_VERSION = 5.0;
				TARGETED_DEVICE_FAMILY = "1,2";
				TEST_TARGET_NAME = PopularMovie;
			};
			name = Release;
		};
/* End XCBuildConfiguration section */

/* Begin XCConfigurationList section */
		B2BA20C62BF22649009C08D1 /* Build configuration list for PBXProject "PopularMovie" */ = {
			isa = XCConfigurationList;
			buildConfigurations = (
				B2BA20ED2BF2264C009C08D1 /* Debug */,
				B2BA20EE2BF2264C009C08D1 /* Release */,
			);
			defaultConfigurationIsVisible = 0;
			defaultConfigurationName = Release;
		};
		B2BA20EF2BF2264C009C08D1 /* Build configuration list for PBXNativeTarget "PopularMovie" */ = {
			isa = XCConfigurationList;
			buildConfigurations = (
				B2BA20F02BF2264C009C08D1 /* Debug */,
				B2BA20F12BF2264C009C08D1 /* Release */,
			);
			defaultConfigurationIsVisible = 0;
			defaultConfigurationName = Release;
		};
		B2BA20F22BF2264C009C08D1 /* Build configuration list for PBXNativeTarget "PopularMovieTests" */ = {
			isa = XCConfigurationList;
			buildConfigurations = (
				B2BA20F32BF2264C009C08D1 /* Debug */,
				B2BA20F42BF2264C009C08D1 /* Release */,
			);
			defaultConfigurationIsVisible = 0;
			defaultConfigurationName = Release;
		};
		B2BA20F52BF2264C009C08D1 /* Build configuration list for PBXNativeTarget "PopularMovieUITests" */ = {
			isa = XCConfigurationList;
			buildConfigurations = (
				B2BA20F62BF2264C009C08D1 /* Debug */,
				B2BA20F72BF2264C009C08D1 /* Release */,
			);
			defaultConfigurationIsVisible = 0;
			defaultConfigurationName = Release;
		};
/* End XCConfigurationList section */

/* Begin XCRemoteSwiftPackageReference section */
		B2BA21172BF33FFD009C08D1 /* XCRemoteSwiftPackageReference "DevRevSDK" */ = {
			isa = XCRemoteSwiftPackageReference;
			repositoryURL = "https://github.com/amit-sgwn/DevRevSDK";
			requirement = {
				kind = upToNextMajorVersion;
				minimumVersion = 1.0.5;
			};
		};
/* End XCRemoteSwiftPackageReference section */

/* Begin XCSwiftPackageProductDependency section */
		B2BA21152BF331F8009C08D1 /* RevDevNetworkSDK */ = {
			isa = XCSwiftPackageProductDependency;
			productName = RevDevNetworkSDK;
		};
		B2BA21182BF33FFD009C08D1 /* RevDevNetworkSDK */ = {
			isa = XCSwiftPackageProductDependency;
			package = B2BA21172BF33FFD009C08D1 /* XCRemoteSwiftPackageReference "DevRevSDK" */;
			productName = RevDevNetworkSDK;
		};
/* End XCSwiftPackageProductDependency section */
	};
	rootObject = B2BA20C32BF22649009C08D1 /* Project object */;
}
